Microsoft Visual Studio Solution File, Format Version 11.00
# Visual Studio 2010
Project("{FAE04EC0-301F-11D3-BF4B-00C04F79EFBC}") = "Schematron.XsltValidator", "XsltValidator\Schematron.XsltValidator\Schematron.XsltValidator.csproj", "{E28CC5AE-932C-4F1A-814D-7C6FAEAFA2D4}"
EndProject
Project("{FAE04EC0-301F-11D3-BF4B-00C04F79EFBC}") = "Schematron.XsltValidator.App", "XsltValidator\Schematron.XsltValidator.App\Schematron.XsltValidator.App.csproj", "{6A70149B-4E43-4712-84B7-6D3981F439F6}"
EndProject
Project("{FAE04EC0-301F-11D3-BF4B-00C04F79EFBC}") = "SchemaTron", "SchemaTron\SchemaTron.csproj", "{3095DD68-66F1-4DC9-AA60-564EF2FC1EE8}"
EndProject
Global
	GlobalSection(SolutionConfigurationPlatforms) = preSolution
		Debug|Any CPU = Debug|Any CPU
		Debug|Mixed Platforms = Debug|Mixed Platforms
		Debug|x86 = Debug|x86
		Release|Any CPU = Release|Any CPU
		Release|Mixed Platforms = Release|Mixed Platforms
		Release|x86 = Release|x86
	EndGlobalSection
	GlobalSection(ProjectConfigurationPlatforms) = postSolution
		{E28CC5AE-932C-4F1A-814D-7C6FAEAFA2D4}.Debug|Any CPU.ActiveCfg = Debug|x86
		{E28CC5AE-932C-4F1A-814D-7C6FAEAFA2D4}.Debug|Mixed Platforms.ActiveCfg = Debug|x86
		{E28CC5AE-932C-4F1A-814D-7C6FAEAFA2D4}.Debug|Mixed Platforms.Build.0 = Debug|x86
		{E28CC5AE-932C-4F1A-814D-7C6FAEAFA2D4}.Debug|x86.ActiveCfg = Debug|x86
		{E28CC5AE-932C-4F1A-814D-7C6FAEAFA2D4}.Debug|x86.Build.0 = Debug|x86
		{E28CC5AE-932C-4F1A-814D-7C6FAEAFA2D4}.Release|Any CPU.ActiveCfg = Release|x86
		{E28CC5AE-932C-4F1A-814D-7C6FAEAFA2D4}.Release|Mixed Platforms.ActiveCfg = Release|x86
		{E28CC5AE-932C-4F1A-814D-7C6FAEAFA2D4}.Release|Mixed Platforms.Build.0 = Release|x86
		{E28CC5AE-932C-4F1A-814D-7C6FAEAFA2D4}.Release|x86.ActiveCfg = Release|x86
		{E28CC5AE-932C-4F1A-814D-7C6FAEAFA2D4}.Release|x86.Build.0 = Release|x86
		{6A70149B-4E43-4712-84B7-6D3981F439F6}.Debug|Any CPU.ActiveCfg = Debug|x86
		{6A70149B-4E43-4712-84B7-6D3981F439F6}.Debug|Mixed Platforms.ActiveCfg = Debug|x86
		{6A70149B-4E43-4712-84B7-6D3981F439F6}.Debug|Mixed Platforms.Build.0 = Debug|x86
		{6A70149B-4E43-4712-84B7-6D3981F439F6}.Debug|x86.ActiveCfg = Debug|x86
		{6A70149B-4E43-4712-84B7-6D3981F439F6}.Debug|x86.Build.0 = Debug|x86
		{6A70149B-4E43-4712-84B7-6D3981F439F6}.Release|Any CPU.ActiveCfg = Release|x86
		{6A70149B-4E43-4712-84B7-6D3981F439F6}.Release|Mixed Platforms.ActiveCfg = Release|x86
		{6A70149B-4E43-4712-84B7-6D3981F439F6}.Release|Mixed Platforms.Build.0 = Release|x86
		{6A70149B-4E43-4712-84B7-6D3981F439F6}.Release|x86.ActiveCfg = Release|x86
		{6A70149B-4E43-4712-84B7-6D3981F439F6}.Release|x86.Build.0 = Release|x86
		{3095DD68-66F1-4DC9-AA60-564EF2FC1EE8}.Debug|Any CPU.ActiveCfg = Debug|Any CPU
		{3095DD68-66F1-4DC9-AA60-564EF2FC1EE8}.Debug|Any CPU.Build.0 = Debug|Any CPU
		{3095DD68-66F1-4DC9-AA60-564EF2FC1EE8}.Debug|Mixed Platforms.ActiveCfg = Debug|Any CPU
		{3095DD68-66F1-4DC9-AA60-564EF2FC1EE8}.Debug|Mixed Platforms.Build.0 = Debug|Any CPU
		{3095DD68-66F1-4DC9-AA60-564EF2FC1EE8}.Debug|x86.ActiveCfg = Debug|Any CPU
		{3095DD68-66F1-4DC9-AA60-564EF2FC1EE8}.Release|Any CPU.ActiveCfg = Release|Any CPU
		{3095DD68-66F1-4DC9-AA60-564EF2FC1EE8}.Release|Any CPU.Build.0 = Release|Any CPU
		{3095DD68-66F1-4DC9-AA60-564EF2FC1EE8}.Release|Mixed Platforms.ActiveCfg = Release|Any CPU
		{3095DD68-66F1-4DC9-AA60-564EF2FC1EE8}.Release|Mixed Platforms.Build.0 = Release|Any CPU
		{3095DD68-66F1-4DC9-AA60-564EF2FC1EE8}.Release|x86.ActiveCfg = Release|Any CPU
	EndGlobalSection
	GlobalSection(SolutionProperties) = preSolution
		HideSolutionNode = FALSE
	EndGlobalSection
EndGlobal
