Microsoft Visual Studio Solution File, Format Version 11.00
# Visual Studio 2010
Project("{FAE04EC0-301F-11D3-BF4B-00C04F79EFBC}") = "Schematron.Benchmark", "Benchmark\Schematron.Benchmark\Schematron.Benchmark.csproj", "{06685F62-9E66-46D9-B25A-AC00013DC711}"
EndProject
Project("{FAE04EC0-301F-11D3-BF4B-00C04F79EFBC}") = "Schematron.XsltValidator", "XsltValidator\Schematron.XsltValidator\Schematron.XsltValidator.csproj", "{E28CC5AE-932C-4F1A-814D-7C6FAEAFA2D4}"
EndProject
Project("{FAE04EC0-301F-11D3-BF4B-00C04F79EFBC}") = "SchemaTron", "SchemaTron\SchemaTron.csproj", "{3095DD68-66F1-4DC9-AA60-564EF2FC1EE8}"
EndProject
Project("{2150E333-8FDC-42A3-9474-1A3956D46DE8}") = "References", "References", "{D245D9B5-9842-4FC5-B6B9-56F14F3E4DCA}"
EndProject
Project("{FAE04EC0-301F-11D3-BF4B-00C04F79EFBC}") = "CBR_prototype", "..\experiments\CBR_prototype\CBR_prototype\CBR_prototype.csproj", "{C7B1C6BE-DFE3-414D-A28C-0CE6E3DB90FE}"
EndProject
Global
	GlobalSection(SolutionConfigurationPlatforms) = preSolution
		Debug|Any CPU = Debug|Any CPU
		Debug|Mixed Platforms = Debug|Mixed Platforms
		Debug|x86 = Debug|x86
		Release|Any CPU = Release|Any CPU
		Release|Mixed Platforms = Release|Mixed Platforms
		Release|x86 = Release|x86
	EndGlobalSection
	GlobalSection(ProjectConfigurationPlatforms) = postSolution
		{06685F62-9E66-46D9-B25A-AC00013DC711}.Debug|Any CPU.ActiveCfg = Debug|x86
		{06685F62-9E66-46D9-B25A-AC00013DC711}.Debug|Mixed Platforms.ActiveCfg = Debug|x86
		{06685F62-9E66-46D9-B25A-AC00013DC711}.Debug|Mixed Platforms.Build.0 = Debug|x86
		{06685F62-9E66-46D9-B25A-AC00013DC711}.Debug|x86.ActiveCfg = Debug|x86
		{06685F62-9E66-46D9-B25A-AC00013DC711}.Debug|x86.Build.0 = Debug|x86
		{06685F62-9E66-46D9-B25A-AC00013DC711}.Release|Any CPU.ActiveCfg = Release|x86
		{06685F62-9E66-46D9-B25A-AC00013DC711}.Release|Mixed Platforms.ActiveCfg = Release|x86
		{06685F62-9E66-46D9-B25A-AC00013DC711}.Release|Mixed Platforms.Build.0 = Release|x86
		{06685F62-9E66-46D9-B25A-AC00013DC711}.Release|x86.ActiveCfg = Release|x86
		{06685F62-9E66-46D9-B25A-AC00013DC711}.Release|x86.Build.0 = Release|x86
		{E28CC5AE-932C-4F1A-814D-7C6FAEAFA2D4}.Debug|Any CPU.ActiveCfg = Debug|x86
		{E28CC5AE-932C-4F1A-814D-7C6FAEAFA2D4}.Debug|Mixed Platforms.ActiveCfg = Debug|x86
		{E28CC5AE-932C-4F1A-814D-7C6FAEAFA2D4}.Debug|Mixed Platforms.Build.0 = Debug|x86
		{E28CC5AE-932C-4F1A-814D-7C6FAEAFA2D4}.Debug|x86.ActiveCfg = Debug|x86
		{E28CC5AE-932C-4F1A-814D-7C6FAEAFA2D4}.Debug|x86.Build.0 = Debug|x86
		{E28CC5AE-932C-4F1A-814D-7C6FAEAFA2D4}.Release|Any CPU.ActiveCfg = Release|x86
		{E28CC5AE-932C-4F1A-814D-7C6FAEAFA2D4}.Release|Mixed Platforms.ActiveCfg = Release|x86
		{E28CC5AE-932C-4F1A-814D-7C6FAEAFA2D4}.Release|Mixed Platforms.Build.0 = Release|x86
		{E28CC5AE-932C-4F1A-814D-7C6FAEAFA2D4}.Release|x86.ActiveCfg = Release|x86
		{E28CC5AE-932C-4F1A-814D-7C6FAEAFA2D4}.Release|x86.Build.0 = Release|x86
		{3095DD68-66F1-4DC9-AA60-564EF2FC1EE8}.Debug|Any CPU.ActiveCfg = Debug|Any CPU
		{3095DD68-66F1-4DC9-AA60-564EF2FC1EE8}.Debug|Any CPU.Build.0 = Debug|Any CPU
		{3095DD68-66F1-4DC9-AA60-564EF2FC1EE8}.Debug|Mixed Platforms.ActiveCfg = Debug|Any CPU
		{3095DD68-66F1-4DC9-AA60-564EF2FC1EE8}.Debug|Mixed Platforms.Build.0 = Debug|Any CPU
		{3095DD68-66F1-4DC9-AA60-564EF2FC1EE8}.Debug|x86.ActiveCfg = Debug|Any CPU
		{3095DD68-66F1-4DC9-AA60-564EF2FC1EE8}.Release|Any CPU.ActiveCfg = Release|Any CPU
		{3095DD68-66F1-4DC9-AA60-564EF2FC1EE8}.Release|Any CPU.Build.0 = Release|Any CPU
		{3095DD68-66F1-4DC9-AA60-564EF2FC1EE8}.Release|Mixed Platforms.ActiveCfg = Release|Any CPU
		{3095DD68-66F1-4DC9-AA60-564EF2FC1EE8}.Release|Mixed Platforms.Build.0 = Release|Any CPU
		{3095DD68-66F1-4DC9-AA60-564EF2FC1EE8}.Release|x86.ActiveCfg = Release|Any CPU
		{C7B1C6BE-DFE3-414D-A28C-0CE6E3DB90FE}.Debug|Any CPU.ActiveCfg = Debug|x86
		{C7B1C6BE-DFE3-414D-A28C-0CE6E3DB90FE}.Debug|Mixed Platforms.ActiveCfg = Debug|x86
		{C7B1C6BE-DFE3-414D-A28C-0CE6E3DB90FE}.Debug|Mixed Platforms.Build.0 = Debug|x86
		{C7B1C6BE-DFE3-414D-A28C-0CE6E3DB90FE}.Debug|x86.ActiveCfg = Debug|x86
		{C7B1C6BE-DFE3-414D-A28C-0CE6E3DB90FE}.Debug|x86.Build.0 = Debug|x86
		{C7B1C6BE-DFE3-414D-A28C-0CE6E3DB90FE}.Release|Any CPU.ActiveCfg = Release|x86
		{C7B1C6BE-DFE3-414D-A28C-0CE6E3DB90FE}.Release|Mixed Platforms.ActiveCfg = Release|x86
		{C7B1C6BE-DFE3-414D-A28C-0CE6E3DB90FE}.Release|Mixed Platforms.Build.0 = Release|x86
		{C7B1C6BE-DFE3-414D-A28C-0CE6E3DB90FE}.Release|x86.ActiveCfg = Release|x86
		{C7B1C6BE-DFE3-414D-A28C-0CE6E3DB90FE}.Release|x86.Build.0 = Release|x86
	EndGlobalSection
	GlobalSection(SolutionProperties) = preSolution
		HideSolutionNode = FALSE
	EndGlobalSection
	GlobalSection(NestedProjects) = preSolution
		{3095DD68-66F1-4DC9-AA60-564EF2FC1EE8} = {D245D9B5-9842-4FC5-B6B9-56F14F3E4DCA}
		{E28CC5AE-932C-4F1A-814D-7C6FAEAFA2D4} = {D245D9B5-9842-4FC5-B6B9-56F14F3E4DCA}
		{C7B1C6BE-DFE3-414D-A28C-0CE6E3DB90FE} = {D245D9B5-9842-4FC5-B6B9-56F14F3E4DCA}
	EndGlobalSection
EndGlobal
